
Microsoft Visual Studio Solution File, Format Version 12.00
# Visual Studio Version 16
VisualStudioVersion = 16.0.31624.102
MinimumVisualStudioVersion = 10.0.40219.1
Project("{FAE04EC0-301F-11D3-BF4B-00C04F79EFBC}") = "Excercise 1", "Excercise 1\Excercise 1.csproj", "{D4499475-6DD7-42C7-8024-6F5368F45BE1}"
EndProject
Global
	GlobalSection(SolutionConfigurationPlatforms) = preSolution
		Debug|Any CPU = Debug|Any CPU
		Release|Any CPU = Release|Any CPU
	EndGlobalSection
	GlobalSection(ProjectConfigurationPlatforms) = postSolution
		{D4499475-6DD7-42C7-8024-6F5368F45BE1}.Debug|Any CPU.ActiveCfg = Debug|Any CPU
		{D4499475-6DD7-42C7-8024-6F5368F45BE1}.Debug|Any CPU.Build.0 = Debug|Any CPU
		{D4499475-6DD7-42C7-8024-6F5368F45BE1}.Release|Any CPU.ActiveCfg = Release|Any CPU
		{D4499475-6DD7-42C7-8024-6F5368F45BE1}.Release|Any CPU.Build.0 = Release|Any CPU
	EndGlobalSection
	GlobalSection(SolutionProperties) = preSolution
		HideSolutionNode = FALSE
	EndGlobalSection
	GlobalSection(ExtensibilityGlobals) = postSolution
		SolutionGuid = {20451E2E-73EA-4B3E-8050-E3FCC6DD7060}
	EndGlobalSection
EndGlobal
